// !$*UTF8*$!
{
	archiveVersion = 1;
	classes = {
	};
	objectVersion = 77;
	objects = {

/* Begin PBXBuildFile section */
		5253E6792F74DBB70047768F /* AppDelegate.swift in Sources */ = {isa = PBXBuildFile; fileRef = 5253E6782F74DBB70047768F /* AppDelegate.swift */; };
		5253E67B2F74DBB70047768F /* SceneDelegate.swift in Sources */ = {isa = PBXBuildFile; fileRef = 5253E67A2F74DBB70047768F /* SceneDelegate.swift */; };
		5253E67E2F74DBB70047768F /* LaunchScreen.storyboard in Resources */ = {isa = PBXBuildFile; fileRef = 5253E67C2F74DBB70047768F /* LaunchScreen.storyboard */; };
		5253E6812F74DBB70047768F /* Main.storyboard in Resources */ = {isa = PBXBuildFile; fileRef = 5253E67F2F74DBB70047768F /* Main.storyboard */; };
		5253E68A2F74DBB70047768F /* AppDelegate.swift in Sources */ = {isa = PBXBuildFile; fileRef = 5253E6892F74DBB70047768F /* AppDelegate.swift */; };
		5253E68D2F74DBB70047768F /* Main.storyboard in Resources */ = {isa = PBXBuildFile; fileRef = 5253E68B2F74DBB70047768F /* Main.storyboard */; };
		5253E6942F74DBB70047768F /* VaultProof Extension.appex in Embed Foundation Extensions */ = {isa = PBXBuildFile; fileRef = 5253E6932F74DBB70047768F /* VaultProof Extension.appex */; settings = {ATTRIBUTES = (RemoveHeadersOnCopy, ); }; };
		5253E69E2F74DBB70047768F /* VaultProof Extension.appex in Embed Foundation Extensions */ = {isa = PBXBuildFile; fileRef = 5253E69D2F74DBB70047768F /* VaultProof Extension.appex */; settings = {ATTRIBUTES = (RemoveHeadersOnCopy, ); }; };
		5253E6A32F74DBB70047768F /* Main.html in Resources */ = {isa = PBXBuildFile; fileRef = 5253E6682F74DBB60047768F /* Main.html */; };
		5253E6A42F74DBB70047768F /* Main.html in Resources */ = {isa = PBXBuildFile; fileRef = 5253E6682F74DBB60047768F /* Main.html */; };
		5253E6A52F74DBB70047768F /* Icon.png in Resources */ = {isa = PBXBuildFile; fileRef = 5253E66A2F74DBB60047768F /* Icon.png */; };
		5253E6A62F74DBB70047768F /* Icon.png in Resources */ = {isa = PBXBuildFile; fileRef = 5253E66A2F74DBB60047768F /* Icon.png */; };
		5253E6A72F74DBB70047768F /* Style.css in Resources */ = {isa = PBXBuildFile; fileRef = 5253E66B2F74DBB70047768F /* Style.css */; };
		5253E6A82F74DBB70047768F /* Style.css in Resources */ = {isa = PBXBuildFile; fileRef = 5253E66B2F74DBB70047768F /* Style.css */; };
		5253E6A92F74DBB70047768F /* Script.js in Resources */ = {isa = PBXBuildFile; fileRef = 5253E66C2F74DBB70047768F /* Script.js */; };
		5253E6AA2F74DBB70047768F /* Script.js in Resources */ = {isa = PBXBuildFile; fileRef = 5253E66C2F74DBB70047768F /* Script.js */; };
		5253E6AB2F74DBB70047768F /* ViewController.swift in Sources */ = {isa = PBXBuildFile; fileRef = 5253E66D2F74DBB70047768F /* ViewController.swift */; };
		5253E6AC2F74DBB70047768F /* ViewController.swift in Sources */ = {isa = PBXBuildFile; fileRef = 5253E66D2F74DBB70047768F /* ViewController.swift */; };
		5253E6AD2F74DBB70047768F /* Assets.xcassets in Resources */ = {isa = PBXBuildFile; fileRef = 5253E66E2F74DBB70047768F /* Assets.xcassets */; };
		5253E6AE2F74DBB70047768F /* Assets.xcassets in Resources */ = {isa = PBXBuildFile; fileRef = 5253E66E2F74DBB70047768F /* Assets.xcassets */; };
		5253E6AF2F74DBB70047768F /* SafariWebExtensionHandler.swift in Sources */ = {isa = PBXBuildFile; fileRef = 5253E6702F74DBB70047768F /* SafariWebExtensionHandler.swift */; };
		5253E6B02F74DBB70047768F /* SafariWebExtensionHandler.swift in Sources */ = {isa = PBXBuildFile; fileRef = 5253E6702F74DBB70047768F /* SafariWebExtensionHandler.swift */; };
		5253E6C72F74DBB80047768F /* background in Resources */ = {isa = PBXBuildFile; fileRef = 5253E6C22F74DBB80047768F /* background */; };
		5253E6C82F74DBB80047768F /* popup in Resources */ = {isa = PBXBuildFile; fileRef = 5253E6C32F74DBB80047768F /* popup */; };
		5253E6C92F74DBB80047768F /* content in Resources */ = {isa = PBXBuildFile; fileRef = 5253E6C42F74DBB80047768F /* content */; };
		5253E6CA2F74DBB80047768F /* icons in Resources */ = {isa = PBXBuildFile; fileRef = 5253E6C52F74DBB80047768F /* icons */; };
		5253E6CB2F74DBB80047768F /* manifest.json in Resources */ = {isa = PBXBuildFile; fileRef = 5253E6C62F74DBB80047768F /* manifest.json */; };
		5253E6CC2F74DBB80047768F /* background in Resources */ = {isa = PBXBuildFile; fileRef = 5253E6C22F74DBB80047768F /* background */; };
		5253E6CD2F74DBB80047768F /* popup in Resources */ = {isa = PBXBuildFile; fileRef = 5253E6C32F74DBB80047768F /* popup */; };
		5253E6CE2F74DBB80047768F /* content in Resources */ = {isa = PBXBuildFile; fileRef = 5253E6C42F74DBB80047768F /* content */; };
		5253E6CF2F74DBB80047768F /* icons in Resources */ = {isa = PBXBuildFile; fileRef = 5253E6C52F74DBB80047768F /* icons */; };
		5253E6D02F74DBB80047768F /* manifest.json in Resources */ = {isa = PBXBuildFile; fileRef = 5253E6C62F74DBB80047768F /* manifest.json */; };
/* End PBXBuildFile section */

/* Begin PBXContainerItemProxy section */
		5253E6952F74DBB70047768F /* PBXContainerItemProxy */ = {
			isa = PBXContainerItemProxy;
			containerPortal = 5253E6622F74DBB60047768F /* Project object */;
			proxyType = 1;
			remoteGlobalIDString = 5253E6922F74DBB70047768F;
			remoteInfo = "VaultProof Extension (iOS)";
		};
		5253E69F2F74DBB70047768F /* PBXContainerItemProxy */ = {
			isa = PBXContainerItemProxy;
			containerPortal = 5253E6622F74DBB60047768F /* Project object */;
			proxyType = 1;
			remoteGlobalIDString = 5253E69C2F74DBB70047768F;
			remoteInfo = "VaultProof Extension (macOS)";
		};
/* End PBXContainerItemProxy section */

/* Begin PBXCopyFilesBuildPhase section */
		5253E6B62F74DBB70047768F /* Embed Foundation Extensions */ = {
			isa = PBXCopyFilesBuildPhase;
			buildActionMask = 2147483647;
			dstPath = "";
			dstSubfolderSpec = 13;
			files = (
				5253E6942F74DBB70047768F /* VaultProof Extension.appex in Embed Foundation Extensions */,
			);
			name = "Embed Foundation Extensions";
			runOnlyForDeploymentPostprocessing = 0;
		};
		5253E6BD2F74DBB70047768F /* Embed Foundation Extensions */ = {
			isa = PBXCopyFilesBuildPhase;
			buildActionMask = 2147483647;
			dstPath = "";
			dstSubfolderSpec = 13;
			files = (
				5253E69E2F74DBB70047768F /* VaultProof Extension.appex in Embed Foundation Extensions */,
			);
			name = "Embed Foundation Extensions";
			runOnlyForDeploymentPostprocessing = 0;
		};
/* End PBXCopyFilesBuildPhase section */

/* Begin PBXFileReference section */
		5253E6692F74DBB60047768F /* Base */ = {isa = PBXFileReference; lastKnownFileType = text.html; name = Base; path = Base.lproj/Main.html; sourceTree = "<group>"; };
		5253E66A2F74DBB60047768F /* Icon.png */ = {isa = PBXFileReference; lastKnownFileType = image.png; path = Icon.png; sourceTree = "<group>"; };
		5253E66B2F74DBB70047768F /* Style.css */ = {isa = PBXFileReference; lastKnownFileType = text.css; path = Style.css; sourceTree = "<group>"; };
		5253E66C2F74DBB70047768F /* Script.js */ = {isa = PBXFileReference; lastKnownFileType = sourcecode.javascript; path = Script.js; sourceTree = "<group>"; };
		5253E66D2F74DBB70047768F /* ViewController.swift */ = {isa = PBXFileReference; lastKnownFileType = sourcecode.swift; path = ViewController.swift; sourceTree = "<group>"; };
		5253E66E2F74DBB70047768F /* Assets.xcassets */ = {isa = PBXFileReference; lastKnownFileType = folder.assetcatalog; path = Assets.xcassets; sourceTree = "<group>"; };
		5253E6702F74DBB70047768F /* SafariWebExtensionHandler.swift */ = {isa = PBXFileReference; lastKnownFileType = sourcecode.swift; path = SafariWebExtensionHandler.swift; sourceTree = "<group>"; };
		5253E6752F74DBB70047768F /* VaultProof.app */ = {isa = PBXFileReference; explicitFileType = wrapper.application; includeInIndex = 0; path = VaultProof.app; sourceTree = BUILT_PRODUCTS_DIR; };
		5253E6782F74DBB70047768F /* AppDelegate.swift */ = {isa = PBXFileReference; lastKnownFileType = sourcecode.swift; path = AppDelegate.swift; sourceTree = "<group>"; };
		5253E67A2F74DBB70047768F /* SceneDelegate.swift */ = {isa = PBXFileReference; lastKnownFileType = sourcecode.swift; path = SceneDelegate.swift; sourceTree = "<group>"; };
		5253E67D2F74DBB70047768F /* Base */ = {isa = PBXFileReference; lastKnownFileType = file.storyboard; name = Base; path = Base.lproj/LaunchScreen.storyboard; sourceTree = "<group>"; };
		5253E6802F74DBB70047768F /* Base */ = {isa = PBXFileReference; lastKnownFileType = file.storyboard; name = Base; path = Base.lproj/Main.storyboard; sourceTree = "<group>"; };
		5253E6822F74DBB70047768F /* Info.plist */ = {isa = PBXFileReference; lastKnownFileType = text.plist.xml; path = Info.plist; sourceTree = "<group>"; };
		5253E6872F74DBB70047768F /* VaultProof.app */ = {isa = PBXFileReference; explicitFileType = wrapper.application; includeInIndex = 0; path = VaultProof.app; sourceTree = BUILT_PRODUCTS_DIR; };
		5253E6892F74DBB70047768F /* AppDelegate.swift */ = {isa = PBXFileReference; lastKnownFileType = sourcecode.swift; path = AppDelegate.swift; sourceTree = "<group>"; };
		5253E68C2F74DBB70047768F /* Base */ = {isa = PBXFileReference; lastKnownFileType = file.storyboard; name = Base; path = Base.lproj/Main.storyboard; sourceTree = "<group>"; };
		5253E68E2F74DBB70047768F /* Info.plist */ = {isa = PBXFileReference; lastKnownFileType = text.plist.xml; path = Info.plist; sourceTree = "<group>"; };
		5253E6932F74DBB70047768F /* VaultProof Extension.appex */ = {isa = PBXFileReference; explicitFileType = "wrapper.app-extension"; includeInIndex = 0; path = "VaultProof Extension.appex"; sourceTree = BUILT_PRODUCTS_DIR; };
		5253E6982F74DBB70047768F /* Info.plist */ = {isa = PBXFileReference; lastKnownFileType = text.plist.xml; path = Info.plist; sourceTree = "<group>"; };
		5253E69D2F74DBB70047768F /* VaultProof Extension.appex */ = {isa = PBXFileReference; explicitFileType = "wrapper.app-extension"; includeInIndex = 0; path = "VaultProof Extension.appex"; sourceTree = BUILT_PRODUCTS_DIR; };
		5253E6A22F74DBB70047768F /* Info.plist */ = {isa = PBXFileReference; lastKnownFileType = text.plist.xml; path = Info.plist; sourceTree = "<group>"; };
		5253E6C22F74DBB80047768F /* background */ = {isa = PBXFileReference; lastKnownFileType = folder; name = background; path = ../../../extension/background; sourceTree = "<group>"; };
		5253E6C32F74DBB80047768F /* popup */ = {isa = PBXFileReference; lastKnownFileType = folder; name = popup; path = ../../../extension/popup; sourceTree = "<group>"; };
		5253E6C42F74DBB80047768F /* content */ = {isa = PBXFileReference; lastKnownFileType = folder; name = content; path = ../../../extension/content; sourceTree = "<group>"; };
		5253E6C52F74DBB80047768F /* icons */ = {isa = PBXFileReference; lastKnownFileType = folder; name = icons; path = ../../../extension/icons; sourceTree = "<group>"; };
		5253E6C62F74DBB80047768F /* manifest.json */ = {isa = PBXFileReference; lastKnownFileType = text.json; name = manifest.json; path = ../../../extension/manifest.json; sourceTree = "<group>"; };
/* End PBXFileReference section */

/* Begin PBXFrameworksBuildPhase section */
		5253E6722F74DBB70047768F /* Frameworks */ = {
			isa = PBXFrameworksBuildPhase;
			buildActionMask = 2147483647;
			files = (
			);
			runOnlyForDeploymentPostprocessing = 0;
		};
		5253E6842F74DBB70047768F /* Frameworks */ = {
			isa = PBXFrameworksBuildPhase;
			buildActionMask = 2147483647;
			files = (
			);
			runOnlyForDeploymentPostprocessing = 0;
		};
		5253E6902F74DBB70047768F /* Frameworks */ = {
			isa = PBXFrameworksBuildPhase;
			buildActionMask = 2147483647;
			files = (
			);
			runOnlyForDeploymentPostprocessing = 0;
		};
		5253E69A2F74DBB70047768F /* Frameworks */ = {
			isa = PBXFrameworksBuildPhase;
			buildActionMask = 2147483647;
			files = (
			);
			runOnlyForDeploymentPostprocessing = 0;
		};
/* End PBXFrameworksBuildPhase section */

/* Begin PBXGroup section */
		5253E6612F74DBB60047768F = {
			isa = PBXGroup;
			children = (
				5253E6662F74DBB60047768F /* Shared (App) */,
				5253E66F2F74DBB70047768F /* Shared (Extension) */,
				5253E6772F74DBB70047768F /* iOS (App) */,
				5253E6882F74DBB70047768F /* macOS (App) */,
				5253E6972F74DBB70047768F /* iOS (Extension) */,
				5253E6A12F74DBB70047768F /* macOS (Extension) */,
				5253E6762F74DBB70047768F /* Products */,
			);
			sourceTree = "<group>";
		};
		5253E6662F74DBB60047768F /* Shared (App) */ = {
			isa = PBXGroup;
			children = (
				5253E66D2F74DBB70047768F /* ViewController.swift */,
				5253E66E2F74DBB70047768F /* Assets.xcassets */,
				5253E6672F74DBB60047768F /* Resources */,
			);
			path = "Shared (App)";
			sourceTree = "<group>";
		};
		5253E6672F74DBB60047768F /* Resources */ = {
			isa = PBXGroup;
			children = (
				5253E6682F74DBB60047768F /* Main.html */,
				5253E66A2F74DBB60047768F /* Icon.png */,
				5253E66B2F74DBB70047768F /* Style.css */,
				5253E66C2F74DBB70047768F /* Script.js */,
			);
			path = Resources;
			sourceTree = "<group>";
		};
		5253E66F2F74DBB70047768F /* Shared (Extension) */ = {
			isa = PBXGroup;
			children = (
				5253E6C12F74DBB80047768F /* Resources */,
				5253E6702F74DBB70047768F /* SafariWebExtensionHandler.swift */,
			);
			path = "Shared (Extension)";
			sourceTree = "<group>";
		};
		5253E6762F74DBB70047768F /* Products */ = {
			isa = PBXGroup;
			children = (
				5253E6752F74DBB70047768F /* VaultProof.app */,
				5253E6872F74DBB70047768F /* VaultProof.app */,
				5253E6932F74DBB70047768F /* VaultProof Extension.appex */,
				5253E69D2F74DBB70047768F /* VaultProof Extension.appex */,
			);
			name = Products;
			sourceTree = "<group>";
		};
		5253E6772F74DBB70047768F /* iOS (App) */ = {
			isa = PBXGroup;
			children = (
				5253E6782F74DBB70047768F /* AppDelegate.swift */,
				5253E67A2F74DBB70047768F /* SceneDelegate.swift */,
				5253E67C2F74DBB70047768F /* LaunchScreen.storyboard */,
				5253E67F2F74DBB70047768F /* Main.storyboard */,
				5253E6822F74DBB70047768F /* Info.plist */,
			);
			path = "iOS (App)";
			sourceTree = "<group>";
		};
		5253E6882F74DBB70047768F /* macOS (App) */ = {
			isa = PBXGroup;
			children = (
				5253E6892F74DBB70047768F /* AppDelegate.swift */,
				5253E68B2F74DBB70047768F /* Main.storyboard */,
				5253E68E2F74DBB70047768F /* Info.plist */,
			);
			path = "macOS (App)";
			sourceTree = "<group>";
		};
		5253E6972F74DBB70047768F /* iOS (Extension) */ = {
			isa = PBXGroup;
			children = (
				5253E6982F74DBB70047768F /* Info.plist */,
			);
			path = "iOS (Extension)";
			sourceTree = "<group>";
		};
		5253E6A12F74DBB70047768F /* macOS (Extension) */ = {
			isa = PBXGroup;
			children = (
				5253E6A22F74DBB70047768F /* Info.plist */,
			);
			path = "macOS (Extension)";
			sourceTree = "<group>";
		};
		5253E6C12F74DBB80047768F /* Resources */ = {
			isa = PBXGroup;
			children = (
				5253E6C22F74DBB80047768F /* background */,
				5253E6C32F74DBB80047768F /* popup */,
				5253E6C42F74DBB80047768F /* content */,
				5253E6C52F74DBB80047768F /* icons */,
				5253E6C62F74DBB80047768F /* manifest.json */,
			);
			name = Resources;
			path = "Shared (Extension)";
			sourceTree = SOURCE_ROOT;
		};
/* End PBXGroup section */

/* Begin PBXNativeTarget section */
		5253E6742F74DBB70047768F /* VaultProof (iOS) */ = {
			isa = PBXNativeTarget;
			buildConfigurationList = 5253E6B72F74DBB70047768F /* Build configuration list for PBXNativeTarget "VaultProof (iOS)" */;
			buildPhases = (
				5253E6712F74DBB70047768F /* Sources */,
				5253E6722F74DBB70047768F /* Frameworks */,
				5253E6732F74DBB70047768F /* Resources */,
				5253E6B62F74DBB70047768F /* Embed Foundation Extensions */,
			);
			buildRules = (
			);
			dependencies = (
				5253E6962F74DBB70047768F /* PBXTargetDependency */,
			);
			name = "VaultProof (iOS)";
			packageProductDependencies = (
			);
			productName = "VaultProof (iOS)";
			productReference = 5253E6752F74DBB70047768F /* VaultProof.app */;
			productType = "com.apple.product-type.application";
		};
		5253E6862F74DBB70047768F /* VaultProof (macOS) */ = {
			isa = PBXNativeTarget;
			buildConfigurationList = 5253E6BE2F74DBB70047768F /* Build configuration list for PBXNativeTarget "VaultProof (macOS)" */;
			buildPhases = (
				5253E6832F74DBB70047768F /* Sources */,
				5253E6842F74DBB70047768F /* Frameworks */,
				5253E6852F74DBB70047768F /* Resources */,
				5253E6BD2F74DBB70047768F /* Embed Foundation Extensions */,
			);
			buildRules = (
			);
			dependencies = (
				5253E6A02F74DBB70047768F /* PBXTargetDependency */,
			);
			name = "VaultProof (macOS)";
			packageProductDependencies = (
			);
			productName = "VaultProof (macOS)";
			productReference = 5253E6872F74DBB70047768F /* VaultProof.app */;
			productType = "com.apple.product-type.application";
		};
		5253E6922F74DBB70047768F /* VaultProof Extension (iOS) */ = {
			isa = PBXNativeTarget;
			buildConfigurationList = 5253E6B32F74DBB70047768F /* Build configuration list for PBXNativeTarget "VaultProof Extension (iOS)" */;
			buildPhases = (
				5253E68F2F74DBB70047768F /* Sources */,
				5253E6902F74DBB70047768F /* Frameworks */,
				5253E6912F74DBB70047768F /* Resources */,
			);
			buildRules = (
			);
			dependencies = (
			);
			name = "VaultProof Extension (iOS)";
			packageProductDependencies = (
			);
			productName = "VaultProof Extension (iOS)";
			productReference = 5253E6932F74DBB70047768F /* VaultProof Extension.appex */;
			productType = "com.apple.product-type.app-extension";
		};
		5253E69C2F74DBB70047768F /* VaultProof Extension (macOS) */ = {
			isa = PBXNativeTarget;
			buildConfigurationList = 5253E6BA2F74DBB70047768F /* Build configuration list for PBXNativeTarget "VaultProof Extension (macOS)" */;
			buildPhases = (
				5253E6992F74DBB70047768F /* Sources */,
				5253E69A2F74DBB70047768F /* Frameworks */,
				5253E69B2F74DBB70047768F /* Resources */,
			);
			buildRules = (
			);
			dependencies = (
			);
			name = "VaultProof Extension (macOS)";
			packageProductDependencies = (
			);
			productName = "VaultProof Extension (macOS)";
			productReference = 5253E69D2F74DBB70047768F /* VaultProof Extension.appex */;
			productType = "com.apple.product-type.app-extension";
		};
/* End PBXNativeTarget section */

/* Begin PBXProject section */
		5253E6622F74DBB60047768F /* Project object */ = {
			isa = PBXProject;
			attributes = {
				BuildIndependentTargetsInParallel = 1;
				LastSwiftUpdateCheck = 2620;
				LastUpgradeCheck = 2620;
				TargetAttributes = {
					5253E6742F74DBB70047768F = {
						CreatedOnToolsVersion = 26.2;
					};
					5253E6862F74DBB70047768F = {
						CreatedOnToolsVersion = 26.2;
					};
					5253E6922F74DBB70047768F = {
						CreatedOnToolsVersion = 26.2;
					};
					5253E69C2F74DBB70047768F = {
						CreatedOnToolsVersion = 26.2;
					};
				};
			};
			buildConfigurationList = 5253E6652F74DBB60047768F /* Build configuration list for PBXProject "VaultProof" */;
			developmentRegion = en;
			hasScannedForEncodings = 0;
			knownRegions = (
				en,
				Base,
			);
			mainGroup = 5253E6612F74DBB60047768F;
			minimizedProjectReferenceProxies = 1;
			preferredProjectObjectVersion = 77;
			productRefGroup = 5253E6762F74DBB70047768F /* Products */;
			projectDirPath = "";
			projectRoot = "";
			targets = (
				5253E6742F74DBB70047768F /* VaultProof (iOS) */,
				5253E6862F74DBB70047768F /* VaultProof (macOS) */,
				5253E6922F74DBB70047768F /* VaultProof Extension (iOS) */,
				5253E69C2F74DBB70047768F /* VaultProof Extension (macOS) */,
			);
		};
/* End PBXProject section */

/* Begin PBXResourcesBuildPhase section */
		5253E6732F74DBB70047768F /* Resources */ = {
			isa = PBXResourcesBuildPhase;
			buildActionMask = 2147483647;
			files = (
				5253E6A52F74DBB70047768F /* Icon.png in Resources */,
				5253E67E2F74DBB70047768F /* LaunchScreen.storyboard in Resources */,
				5253E6A32F74DBB70047768F /* Main.html in Resources */,
				5253E6A92F74DBB70047768F /* Script.js in Resources */,
				5253E6AD2F74DBB70047768F /* Assets.xcassets in Resources */,
				5253E6812F74DBB70047768F /* Main.storyboard in Resources */,
				5253E6A72F74DBB70047768F /* Style.css in Resources */,
			);
			runOnlyForDeploymentPostprocessing = 0;
		};
		5253E6852F74DBB70047768F /* Resources */ = {
			isa = PBXResourcesBuildPhase;
			buildActionMask = 2147483647;
			files = (
				5253E6A62F74DBB70047768F /* Icon.png in Resources */,
				5253E6A82F74DBB70047768F /* Style.css in Resources */,
				5253E68D2F74DBB70047768F /* Main.storyboard in Resources */,
				5253E6AA2F74DBB70047768F /* Script.js in Resources */,
				5253E6AE2F74DBB70047768F /* Assets.xcassets in Resources */,
				5253E6A42F74DBB70047768F /* Main.html in Resources */,
			);
			runOnlyForDeploymentPostprocessing = 0;
		};
		5253E6912F74DBB70047768F /* Resources */ = {
			isa = PBXResourcesBuildPhase;
			buildActionMask = 2147483647;
			files = (
				5253E6CE2F74DBB80047768F /* content in Resources */,
				5253E6CF2F74DBB80047768F /* icons in Resources */,
				5253E6D02F74DBB80047768F /* manifest.json in Resources */,
				5253E6CC2F74DBB80047768F /* background in Resources */,
				5253E6CD2F74DBB80047768F /* popup in Resources */,
			);
			runOnlyForDeploymentPostprocessing = 0;
		};
		5253E69B2F74DBB70047768F /* Resources */ = {
			isa = PBXResourcesBuildPhase;
			buildActionMask = 2147483647;
			files = (
				5253E6C92F74DBB80047768F /* content in Resources */,
				5253E6CA2F74DBB80047768F /* icons in Resources */,
				5253E6CB2F74DBB80047768F /* manifest.json in Resources */,
				5253E6C72F74DBB80047768F /* background in Resources */,
				5253E6C82F74DBB80047768F /* popup in Resources */,
			);
			runOnlyForDeploymentPostprocessing = 0;
		};
/* End PBXResourcesBuildPhase section */

/* Begin PBXSourcesBuildPhase section */
		5253E6712F74DBB70047768F /* Sources */ = {
			isa = PBXSourcesBuildPhase;
			buildActionMask = 2147483647;
			files = (
				5253E6AB2F74DBB70047768F /* ViewController.swift in Sources */,
				5253E6792F74DBB70047768F /* AppDelegate.swift in Sources */,
				5253E67B2F74DBB70047768F /* SceneDelegate.swift in Sources */,
			);
			runOnlyForDeploymentPostprocessing = 0;
		};
		5253E6832F74DBB70047768F /* Sources */ = {
			isa = PBXSourcesBuildPhase;
			buildActionMask = 2147483647;
			files = (
				5253E6AC2F74DBB70047768F /* ViewController.swift in Sources */,
				5253E68A2F74DBB70047768F /* AppDelegate.swift in Sources */,
			);
			runOnlyForDeploymentPostprocessing = 0;
		};
		5253E68F2F74DBB70047768F /* Sources */ = {
			isa = PBXSourcesBuildPhase;
			buildActionMask = 2147483647;
			files = (
				5253E6AF2F74DBB70047768F /* SafariWebExtensionHandler.swift in Sources */,
			);
			runOnlyForDeploymentPostprocessing = 0;
		};
		5253E6992F74DBB70047768F /* Sources */ = {
			isa = PBXSourcesBuildPhase;
			buildActionMask = 2147483647;
			files = (
				5253E6B02F74DBB70047768F /* SafariWebExtensionHandler.swift in Sources */,
			);
			runOnlyForDeploymentPostprocessing = 0;
		};
/* End PBXSourcesBuildPhase section */

/* Begin PBXTargetDependency section */
		5253E6962F74DBB70047768F /* PBXTargetDependency */ = {
			isa = PBXTargetDependency;
			target = 5253E6922F74DBB70047768F /* VaultProof Extension (iOS) */;
			targetProxy = 5253E6952F74DBB70047768F /* PBXContainerItemProxy */;
		};
		5253E6A02F74DBB70047768F /* PBXTargetDependency */ = {
			isa = PBXTargetDependency;
			target = 5253E69C2F74DBB70047768F /* VaultProof Extension (macOS) */;
			targetProxy = 5253E69F2F74DBB70047768F /* PBXContainerItemProxy */;
		};
/* End PBXTargetDependency section */

/* Begin PBXVariantGroup section */
		5253E6682F74DBB60047768F /* Main.html */ = {
			isa = PBXVariantGroup;
			children = (
				5253E6692F74DBB60047768F /* Base */,
			);
			name = Main.html;
			sourceTree = "<group>";
		};
		5253E67C2F74DBB70047768F /* LaunchScreen.storyboard */ = {
			isa = PBXVariantGroup;
			children = (
				5253E67D2F74DBB70047768F /* Base */,
			);
			name = LaunchScreen.storyboard;
			sourceTree = "<group>";
		};
		5253E67F2F74DBB70047768F /* Main.storyboard */ = {
			isa = PBXVariantGroup;
			children = (
				5253E6802F74DBB70047768F /* Base */,
			);
			name = Main.storyboard;
			sourceTree = "<group>";
		};
		5253E68B2F74DBB70047768F /* Main.storyboard */ = {
			isa = PBXVariantGroup;
			children = (
				5253E68C2F74DBB70047768F /* Base */,
			);
			name = Main.storyboard;
			sourceTree = "<group>";
		};
/* End PBXVariantGroup section */

/* Begin XCBuildConfiguration section */
		5253E6B12F74DBB70047768F /* Debug */ = {
			isa = XCBuildConfiguration;
			buildSettings = {
				ALWAYS_SEARCH_USER_PATHS = NO;
				ASSETCATALOG_COMPILER_GENERATE_SWIFT_ASSET_SYMBOL_EXTENSIONS = YES;
				CLANG_ANALYZER_NONNULL = YES;
				CLANG_ANALYZER_NUMBER_OBJECT_CONVERSION = YES_AGGRESSIVE;
				CLANG_CXX_LANGUAGE_STANDARD = "gnu++20";
				CLANG_ENABLE_MODULES = YES;
				CLANG_ENABLE_OBJC_ARC = YES;
				CLANG_ENABLE_OBJC_WEAK = YES;
				CLANG_WARN_BLOCK_CAPTURE_AUTORELEASING = YES;
				CLANG_WARN_BOOL_CONVERSION = YES;
				CLANG_WARN_COMMA = YES;
				CLANG_WARN_CONSTANT_CONVERSION = YES;
				CLANG_WARN_DEPRECATED_OBJC_IMPLEMENTATIONS = YES;
				CLANG_WARN_DIRECT_OBJC_ISA_USAGE = YES_ERROR;
				CLANG_WARN_DOCUMENTATION_COMMENTS = YES;
				CLANG_WARN_EMPTY_BODY = YES;
				CLANG_WARN_ENUM_CONVERSION = YES;
				CLANG_WARN_INFINITE_RECURSION = YES;
				CLANG_WARN_INT_CONVERSION = YES;
				CLANG_WARN_NON_LITERAL_NULL_CONVERSION = YES;
				CLANG_WARN_OBJC_IMPLICIT_RETAIN_SELF = YES;
				CLANG_WARN_OBJC_LITERAL_CONVERSION = YES;
				CLANG_WARN_OBJC_ROOT_CLASS = YES_ERROR;
				CLANG_WARN_QUOTED_INCLUDE_IN_FRAMEWORK_HEADER = YES;
				CLANG_WARN_RANGE_LOOP_ANALYSIS = YES;
				CLANG_WARN_STRICT_PROTOTYPES = YES;
				CLANG_WARN_SUSPICIOUS_MOVE = YES;
				CLANG_WARN_UNGUARDED_AVAILABILITY = YES_AGGRESSIVE;
				CLANG_WARN_UNREACHABLE_CODE = YES;
				CLANG_WARN__DUPLICATE_METHOD_MATCH = YES;
				COPY_PHASE_STRIP = NO;
				DEBUG_INFORMATION_FORMAT = dwarf;
				ENABLE_STRICT_OBJC_MSGSEND = YES;
				ENABLE_TESTABILITY = YES;
				ENABLE_USER_SCRIPT_SANDBOXING = YES;
				GCC_C_LANGUAGE_STANDARD = gnu17;
				GCC_DYNAMIC_NO_PIC = NO;
				GCC_NO_COMMON_BLOCKS = YES;
				GCC_OPTIMIZATION_LEVEL = 0;
				GCC_PREPROCESSOR_DEFINITIONS = (
					"DEBUG=1",
					"$(inherited)",
				);
				GCC_WARN_64_TO_32_BIT_CONVERSION = YES;
				GCC_WARN_ABOUT_RETURN_TYPE = YES_ERROR;
				GCC_WARN_UNDECLARED_SELECTOR = YES;
				GCC_WARN_UNINITIALIZED_AUTOS = YES_AGGRESSIVE;
				GCC_WARN_UNUSED_FUNCTION = YES;
				GCC_WARN_UNUSED_VARIABLE = YES;
				LOCALIZATION_PREFERS_STRING_CATALOGS = YES;
				MTL_ENABLE_DEBUG_INFO = INCLUDE_SOURCE;
				MTL_FAST_MATH = YES;
				ONLY_ACTIVE_ARCH = YES;
				SWIFT_ACTIVE_COMPILATION_CONDITIONS = "DEBUG $(inherited)";
				SWIFT_OPTIMIZATION_LEVEL = "-Onone";
			};
			name = Debug;
		};
		5253E6B22F74DBB70047768F /* Release */ = {
			isa = XCBuildConfiguration;
			buildSettings = {
				ALWAYS_SEARCH_USER_PATHS = NO;
				ASSETCATALOG_COMPILER_GENERATE_SWIFT_ASSET_SYMBOL_EXTENSIONS = YES;
				CLANG_ANALYZER_NONNULL = YES;
				CLANG_ANALYZER_NUMBER_OBJECT_CONVERSION = YES_AGGRESSIVE;
				CLANG_CXX_LANGUAGE_STANDARD = "gnu++20";
				CLANG_ENABLE_MODULES = YES;
				CLANG_ENABLE_OBJC_ARC = YES;
				CLANG_ENABLE_OBJC_WEAK = YES;
				CLANG_WARN_BLOCK_CAPTURE_AUTORELEASING = YES;
				CLANG_WARN_BOOL_CONVERSION = YES;
				CLANG_WARN_COMMA = YES;
				CLANG_WARN_CONSTANT_CONVERSION = YES;
				CLANG_WARN_DEPRECATED_OBJC_IMPLEMENTATIONS = YES;
				CLANG_WARN_DIRECT_OBJC_ISA_USAGE = YES_ERROR;
				CLANG_WARN_DOCUMENTATION_COMMENTS = YES;
				CLANG_WARN_EMPTY_BODY = YES;
				CLANG_WARN_ENUM_CONVERSION = YES;
				CLANG_WARN_INFINITE_RECURSION = YES;
				CLANG_WARN_INT_CONVERSION = YES;
				CLANG_WARN_NON_LITERAL_NULL_CONVERSION = YES;
				CLANG_WARN_OBJC_IMPLICIT_RETAIN_SELF = YES;
				CLANG_WARN_OBJC_LITERAL_CONVERSION = YES;
				CLANG_WARN_OBJC_ROOT_CLASS = YES_ERROR;
				CLANG_WARN_QUOTED_INCLUDE_IN_FRAMEWORK_HEADER = YES;
				CLANG_WARN_RANGE_LOOP_ANALYSIS = YES;
				CLANG_WARN_STRICT_PROTOTYPES = YES;
				CLANG_WARN_SUSPICIOUS_MOVE = YES;
				CLANG_WARN_UNGUARDED_AVAILABILITY = YES_AGGRESSIVE;
				CLANG_WARN_UNREACHABLE_CODE = YES;
				CLANG_WARN__DUPLICATE_METHOD_MATCH = YES;
				COPY_PHASE_STRIP = NO;
				DEBUG_INFORMATION_FORMAT = "dwarf-with-dsym";
				ENABLE_NS_ASSERTIONS = NO;
				ENABLE_STRICT_OBJC_MSGSEND = YES;
				ENABLE_USER_SCRIPT_SANDBOXING = YES;
				GCC_C_LANGUAGE_STANDARD = gnu17;
				GCC_NO_COMMON_BLOCKS = YES;
				GCC_WARN_64_TO_32_BIT_CONVERSION = YES;
				GCC_WARN_ABOUT_RETURN_TYPE = YES_ERROR;
				GCC_WARN_UNDECLARED_SELECTOR = YES;
				GCC_WARN_UNINITIALIZED_AUTOS = YES_AGGRESSIVE;
				GCC_WARN_UNUSED_FUNCTION = YES;
				GCC_WARN_UNUSED_VARIABLE = YES;
				LOCALIZATION_PREFERS_STRING_CATALOGS = YES;
				MTL_ENABLE_DEBUG_INFO = NO;
				MTL_FAST_MATH = YES;
				SWIFT_COMPILATION_MODE = wholemodule;
			};
			name = Release;
		};
		5253E6B42F74DBB70047768F /* Debug */ = {
			isa = XCBuildConfiguration;
			buildSettings = {
				CODE_SIGN_STYLE = Automatic;
				CURRENT_PROJECT_VERSION = 1;
				GENERATE_INFOPLIST_FILE = YES;
				INFOPLIST_FILE = "iOS (Extension)/Info.plist";
				INFOPLIST_KEY_CFBundleDisplayName = "VaultProof Extension";
				INFOPLIST_KEY_NSHumanReadableCopyright = "";
				IPHONEOS_DEPLOYMENT_TARGET = 15.0;
				LD_RUNPATH_SEARCH_PATHS = (
					"$(inherited)",
					"@executable_path/Frameworks",
					"@executable_path/../../Frameworks",
				);
				MARKETING_VERSION = 1.0;
				OTHER_LDFLAGS = (
					"-framework",
					SafariServices,
				);
				PRODUCT_BUNDLE_IDENTIFIER = dev.vaultproof.safari.Extension;
				PRODUCT_NAME = "VaultProof Extension";
				SDKROOT = iphoneos;
				SKIP_INSTALL = YES;
				STRING_CATALOG_GENERATE_SYMBOLS = YES;
				SWIFT_APPROACHABLE_CONCURRENCY = YES;
				SWIFT_EMIT_LOC_STRINGS = YES;
				SWIFT_UPCOMING_FEATURE_MEMBER_IMPORT_VISIBILITY = YES;
				SWIFT_VERSION = 5.0;
				TARGETED_DEVICE_FAMILY = "1,2";
			};
			name = Debug;
		};
		5253E6B52F74DBB70047768F /* Release */ = {
			isa = XCBuildConfiguration;
			buildSettings = {
				CODE_SIGN_STYLE = Automatic;
				CURRENT_PROJECT_VERSION = 1;
				GENERATE_INFOPLIST_FILE = YES;
				INFOPLIST_FILE = "iOS (Extension)/Info.plist";
				INFOPLIST_KEY_CFBundleDisplayName = "VaultProof Extension";
				INFOPLIST_KEY_NSHumanReadableCopyright = "";
				IPHONEOS_DEPLOYMENT_TARGET = 15.0;
				LD_RUNPATH_SEARCH_PATHS = (
					"$(inherited)",
					"@executable_path/Frameworks",
					"@executable_path/../../Frameworks",
				);
				MARKETING_VERSION = 1.0;
				OTHER_LDFLAGS = (
					"-framework",
					SafariServices,
				);
				PRODUCT_BUNDLE_IDENTIFIER = dev.vaultproof.safari.Extension;
				PRODUCT_NAME = "VaultProof Extension";
				SDKROOT = iphoneos;
				SKIP_INSTALL = YES;
				STRING_CATALOG_GENERATE_SYMBOLS = YES;
				SWIFT_APPROACHABLE_CONCURRENCY = YES;
				SWIFT_EMIT_LOC_STRINGS = YES;
				SWIFT_UPCOMING_FEATURE_MEMBER_IMPORT_VISIBILITY = YES;
				SWIFT_VERSION = 5.0;
				TARGETED_DEVICE_FAMILY = "1,2";
				VALIDATE_PRODUCT = YES;
			};
			name = Release;
		};
		5253E6B82F74DBB70047768F /* Debug */ = {
			isa = XCBuildConfiguration;
			buildSettings = {
				ASSETCATALOG_COMPILER_APPICON_NAME = AppIcon;
				ASSETCATALOG_COMPILER_GLOBAL_ACCENT_COLOR_NAME = AccentColor;
				CODE_SIGN_STYLE = Automatic;
				CURRENT_PROJECT_VERSION = 1;
				GENERATE_INFOPLIST_FILE = YES;
				INFOPLIST_FILE = "iOS (App)/Info.plist";
				INFOPLIST_KEY_CFBundleDisplayName = VaultProof;
				INFOPLIST_KEY_UIApplicationSupportsIndirectInputEvents = YES;
				INFOPLIST_KEY_UILaunchStoryboardName = LaunchScreen;
				INFOPLIST_KEY_UIMainStoryboardFile = Main;
				INFOPLIST_KEY_UISupportedInterfaceOrientations = "UIInterfaceOrientationPortrait UIInterfaceOrientationLandscapeLeft UIInterfaceOrientationLandscapeRight";
				INFOPLIST_KEY_UISupportedInterfaceOrientations_iPad = "UIInterfaceOrientationPortrait UIInterfaceOrientationPortraitUpsideDown UIInterfaceOrientationLandscapeLeft UIInterfaceOrientationLandscapeRight";
				IPHONEOS_DEPLOYMENT_TARGET = 15.0;
				LD_RUNPATH_SEARCH_PATHS = (
					"$(inherited)",
					"@executable_path/Frameworks",
				);
				MARKETING_VERSION = 1.0;
				OTHER_LDFLAGS = (
					"-framework",
					SafariServices,
					"-framework",
					WebKit,
				);
				PRODUCT_BUNDLE_IDENTIFIER = dev.vaultproof.safari;
				PRODUCT_NAME = VaultProof;
				SDKROOT = iphoneos;
				STRING_CATALOG_GENERATE_SYMBOLS = YES;
				SWIFT_APPROACHABLE_CONCURRENCY = YES;
				SWIFT_DEFAULT_ACTOR_ISOLATION = MainActor;
				SWIFT_EMIT_LOC_STRINGS = YES;
				SWIFT_UPCOMING_FEATURE_MEMBER_IMPORT_VISIBILITY = YES;
				SWIFT_VERSION = 5.0;
				TARGETED_DEVICE_FAMILY = "1,2";
			};
			name = Debug;
		};
		5253E6B92F74DBB70047768F /* Release */ = {
			isa = XCBuildConfiguration;
			buildSettings = {
				ASSETCATALOG_COMPILER_APPICON_NAME = AppIcon;
				ASSETCATALOG_COMPILER_GLOBAL_ACCENT_COLOR_NAME = AccentColor;
				CODE_SIGN_STYLE = Automatic;
				CURRENT_PROJECT_VERSION = 1;
				GENERATE_INFOPLIST_FILE = YES;
				INFOPLIST_FILE = "iOS (App)/Info.plist";
				INFOPLIST_KEY_CFBundleDisplayName = VaultProof;
				INFOPLIST_KEY_UIApplicationSupportsIndirectInputEvents = YES;
				INFOPLIST_KEY_UILaunchStoryboardName = LaunchScreen;
				INFOPLIST_KEY_UIMainStoryboardFile = Main;
				INFOPLIST_KEY_UISupportedInterfaceOrientations = "UIInterfaceOrientationPortrait UIInterfaceOrientationLandscapeLeft UIInterfaceOrientationLandscapeRight";
				INFOPLIST_KEY_UISupportedInterfaceOrientations_iPad = "UIInterfaceOrientationPortrait UIInterfaceOrientationPortraitUpsideDown UIInterfaceOrientationLandscapeLeft UIInterfaceOrientationLandscapeRight";
				IPHONEOS_DEPLOYMENT_TARGET = 15.0;
				LD_RUNPATH_SEARCH_PATHS = (
					"$(inherited)",
					"@executable_path/Frameworks",
				);
				MARKETING_VERSION = 1.0;
				OTHER_LDFLAGS = (
					"-framework",
					SafariServices,
					"-framework",
					WebKit,
				);
				PRODUCT_BUNDLE_IDENTIFIER = dev.vaultproof.safari;
				PRODUCT_NAME = VaultProof;
				SDKROOT = iphoneos;
				STRING_CATALOG_GENERATE_SYMBOLS = YES;
				SWIFT_APPROACHABLE_CONCURRENCY = YES;
				SWIFT_DEFAULT_ACTOR_ISOLATION = MainActor;
				SWIFT_EMIT_LOC_STRINGS = YES;
				SWIFT_UPCOMING_FEATURE_MEMBER_IMPORT_VISIBILITY = YES;
				SWIFT_VERSION = 5.0;
				TARGETED_DEVICE_FAMILY = "1,2";
				VALIDATE_PRODUCT = YES;
			};
			name = Release;
		};
		5253E6BB2F74DBB70047768F /* Debug */ = {
			isa = XCBuildConfiguration;
			buildSettings = {
				CODE_SIGN_STYLE = Automatic;
				CURRENT_PROJECT_VERSION = 1;
				ENABLE_APP_SANDBOX = YES;
				ENABLE_HARDENED_RUNTIME = YES;
				ENABLE_USER_SELECTED_FILES = readonly;
				GENERATE_INFOPLIST_FILE = YES;
				INFOPLIST_FILE = "macOS (Extension)/Info.plist";
				INFOPLIST_KEY_CFBundleDisplayName = "VaultProof Extension";
				INFOPLIST_KEY_NSHumanReadableCopyright = "";
				LD_RUNPATH_SEARCH_PATHS = (
					"$(inherited)",
					"@executable_path/../Frameworks",
					"@executable_path/../../../../Frameworks",
				);
				MACOSX_DEPLOYMENT_TARGET = 10.14;
				MARKETING_VERSION = 1.0;
				OTHER_LDFLAGS = (
					"-framework",
					SafariServices,
				);
				PRODUCT_BUNDLE_IDENTIFIER = dev.vaultproof.safari.Extension;
				PRODUCT_NAME = "VaultProof Extension";
				SDKROOT = macosx;
				SKIP_INSTALL = YES;
				STRING_CATALOG_GENERATE_SYMBOLS = YES;
				SWIFT_APPROACHABLE_CONCURRENCY = YES;
				SWIFT_EMIT_LOC_STRINGS = YES;
				SWIFT_UPCOMING_FEATURE_MEMBER_IMPORT_VISIBILITY = YES;
				SWIFT_VERSION = 5.0;
			};
			name = Debug;
		};
		5253E6BC2F74DBB70047768F /* Release */ = {
			isa = XCBuildConfiguration;
			buildSettings = {
				CODE_SIGN_STYLE = Automatic;
				CURRENT_PROJECT_VERSION = 1;
				ENABLE_APP_SANDBOX = YES;
				ENABLE_HARDENED_RUNTIME = YES;
				ENABLE_USER_SELECTED_FILES = readonly;
				GENERATE_INFOPLIST_FILE = YES;
				INFOPLIST_FILE = "macOS (Extension)/Info.plist";
				INFOPLIST_KEY_CFBundleDisplayName = "VaultProof Extension";
				INFOPLIST_KEY_NSHumanReadableCopyright = "";
				LD_RUNPATH_SEARCH_PATHS = (
					"$(inherited)",
					"@executable_path/../Frameworks",
					"@executable_path/../../../../Frameworks",
				);
				MACOSX_DEPLOYMENT_TARGET = 10.14;
				MARKETING_VERSION = 1.0;
				OTHER_LDFLAGS = (
					"-framework",
					SafariServices,
				);
				PRODUCT_BUNDLE_IDENTIFIER = dev.vaultproof.safari.Extension;
				PRODUCT_NAME = "VaultProof Extension";
				SDKROOT = macosx;
				SKIP_INSTALL = YES;
				STRING_CATALOG_GENERATE_SYMBOLS = YES;
				SWIFT_APPROACHABLE_CONCURRENCY = YES;
				SWIFT_EMIT_LOC_STRINGS = YES;
				SWIFT_UPCOMING_FEATURE_MEMBER_IMPORT_VISIBILITY = YES;
				SWIFT_VERSION = 5.0;
			};
			name = Release;
		};
		5253E6BF2F74DBB70047768F /* Debug */ = {
			isa = XCBuildConfiguration;
			buildSettings = {
				ASSETCATALOG_COMPILER_APPICON_NAME = AppIcon;
				ASSETCATALOG_COMPILER_GLOBAL_ACCENT_COLOR_NAME = AccentColor;
				CODE_SIGN_STYLE = Automatic;
				CURRENT_PROJECT_VERSION = 1;
				ENABLE_APP_SANDBOX = YES;
				ENABLE_HARDENED_RUNTIME = YES;
				ENABLE_OUTGOING_NETWORK_CONNECTIONS = YES;
				ENABLE_USER_SELECTED_FILES = readonly;
				GENERATE_INFOPLIST_FILE = YES;
				INFOPLIST_FILE = "macOS (App)/Info.plist";
				INFOPLIST_KEY_CFBundleDisplayName = VaultProof;
				INFOPLIST_KEY_NSMainStoryboardFile = Main;
				INFOPLIST_KEY_NSPrincipalClass = NSApplication;
				LD_RUNPATH_SEARCH_PATHS = (
					"$(inherited)",
					"@executable_path/../Frameworks",
				);
				MACOSX_DEPLOYMENT_TARGET = 10.14;
				MARKETING_VERSION = 1.0;
				OTHER_LDFLAGS = (
					"-framework",
					SafariServices,
					"-framework",
					WebKit,
				);
				PRODUCT_BUNDLE_IDENTIFIER = dev.vaultproof.safari;
				PRODUCT_NAME = VaultProof;
				REGISTER_APP_GROUPS = YES;
				SDKROOT = macosx;
				STRING_CATALOG_GENERATE_SYMBOLS = YES;
				SWIFT_APPROACHABLE_CONCURRENCY = YES;
				SWIFT_DEFAULT_ACTOR_ISOLATION = MainActor;
				SWIFT_EMIT_LOC_STRINGS = YES;
				SWIFT_UPCOMING_FEATURE_MEMBER_IMPORT_VISIBILITY = YES;
				SWIFT_VERSION = 5.0;
			};
			name = Debug;
		};
		5253E6C02F74DBB70047768F /* Release */ = {
			isa = XCBuildConfiguration;
			buildSettings = {
				ASSETCATALOG_COMPILER_APPICON_NAME = AppIcon;
				ASSETCATALOG_COMPILER_GLOBAL_ACCENT_COLOR_NAME = AccentColor;
				CODE_SIGN_STYLE = Automatic;
				CURRENT_PROJECT_VERSION = 1;
				ENABLE_APP_SANDBOX = YES;
				ENABLE_HARDENED_RUNTIME = YES;
				ENABLE_OUTGOING_NETWORK_CONNECTIONS = YES;
				ENABLE_USER_SELECTED_FILES = readonly;
				GENERATE_INFOPLIST_FILE = YES;
				INFOPLIST_FILE = "macOS (App)/Info.plist";
				INFOPLIST_KEY_CFBundleDisplayName = VaultProof;
				INFOPLIST_KEY_NSMainStoryboardFile = Main;
				INFOPLIST_KEY_NSPrincipalClass = NSApplication;
				LD_RUNPATH_SEARCH_PATHS = (
					"$(inherited)",
					"@executable_path/../Frameworks",
				);
				MACOSX_DEPLOYMENT_TARGET = 10.14;
				MARKETING_VERSION = 1.0;
				OTHER_LDFLAGS = (
					"-framework",
					SafariServices,
					"-framework",
					WebKit,
				);
				PRODUCT_BUNDLE_IDENTIFIER = dev.vaultproof.safari;
				PRODUCT_NAME = VaultProof;
				REGISTER_APP_GROUPS = YES;
				SDKROOT = macosx;
				STRING_CATALOG_GENERATE_SYMBOLS = YES;
				SWIFT_APPROACHABLE_CONCURRENCY = YES;
				SWIFT_DEFAULT_ACTOR_ISOLATION = MainActor;
				SWIFT_EMIT_LOC_STRINGS = YES;
				SWIFT_UPCOMING_FEATURE_MEMBER_IMPORT_VISIBILITY = YES;
				SWIFT_VERSION = 5.0;
			};
			name = Release;
		};
/* End XCBuildConfiguration section */

/* Begin XCConfigurationList section */
		5253E6652F74DBB60047768F /* Build configuration list for PBXProject "VaultProof" */ = {
			isa = XCConfigurationList;
			buildConfigurations = (
				5253E6B12F74DBB70047768F /* Debug */,
				5253E6B22F74DBB70047768F /* Release */,
			);
			defaultConfigurationIsVisible = 0;
			defaultConfigurationName = Release;
		};
		5253E6B32F74DBB70047768F /* Build configuration list for PBXNativeTarget "VaultProof Extension (iOS)" */ = {
			isa = XCConfigurationList;
			buildConfigurations = (
				5253E6B42F74DBB70047768F /* Debug */,
				5253E6B52F74DBB70047768F /* Release */,
			);
			defaultConfigurationIsVisible = 0;
			defaultConfigurationName = Release;
		};
		5253E6B72F74DBB70047768F /* Build configuration list for PBXNativeTarget "VaultProof (iOS)" */ = {
			isa = XCConfigurationList;
			buildConfigurations = (
				5253E6B82F74DBB70047768F /* Debug */,
				5253E6B92F74DBB70047768F /* Release */,
			);
			defaultConfigurationIsVisible = 0;
			defaultConfigurationName = Release;
		};
		5253E6BA2F74DBB70047768F /* Build configuration list for PBXNativeTarget "VaultProof Extension (macOS)" */ = {
			isa = XCConfigurationList;
			buildConfigurations = (
				5253E6BB2F74DBB70047768F /* Debug */,
				5253E6BC2F74DBB70047768F /* Release */,
			);
			defaultConfigurationIsVisible = 0;
			defaultConfigurationName = Release;
		};
		5253E6BE2F74DBB70047768F /* Build configuration list for PBXNativeTarget "VaultProof (macOS)" */ = {
			isa = XCConfigurationList;
			buildConfigurations = (
				5253E6BF2F74DBB70047768F /* Debug */,
				5253E6C02F74DBB70047768F /* Release */,
			);
			defaultConfigurationIsVisible = 0;
			defaultConfigurationName = Release;
		};
/* End XCConfigurationList section */
	};
	rootObject = 5253E6622F74DBB60047768F /* Project object */;
}
